
Microsoft Visual Studio Solution File, Format Version 12.00
# Visual Studio 15
VisualStudioVersion = 15.0.28307.645
MinimumVisualStudioVersion = 10.0.40219.1
Project("{FAE04EC0-301F-11D3-BF4B-00C04F79EFBC}") = "InternSalaryApp", "InternSalaryApp\InternSalaryApp.csproj", "{308D27B7-0114-4DAB-BDF2-1D4846543D26}"
EndProject
Project("{FAE04EC0-301F-11D3-BF4B-00C04F79EFBC}") = "InternSalaryAppWeb", "InternSalaryAppWeb\InternSalaryAppWeb.csproj", "{9121A06C-2E9B-4C2F-A9A1-DB0D1E276576}"
EndProject
Global
	GlobalSection(SolutionConfigurationPlatforms) = preSolution
		Debug|Any CPU = Debug|Any CPU
		Release|Any CPU = Release|Any CPU
	EndGlobalSection
	GlobalSection(ProjectConfigurationPlatforms) = postSolution
		{308D27B7-0114-4DAB-BDF2-1D4846543D26}.Debug|Any CPU.ActiveCfg = Debug|Any CPU
		{308D27B7-0114-4DAB-BDF2-1D4846543D26}.Debug|Any CPU.Build.0 = Debug|Any CPU
		{308D27B7-0114-4DAB-BDF2-1D4846543D26}.Debug|Any CPU.Deploy.0 = Debug|Any CPU
		{308D27B7-0114-4DAB-BDF2-1D4846543D26}.Release|Any CPU.ActiveCfg = Release|Any CPU
		{308D27B7-0114-4DAB-BDF2-1D4846543D26}.Release|Any CPU.Build.0 = Release|Any CPU
		{308D27B7-0114-4DAB-BDF2-1D4846543D26}.Release|Any CPU.Deploy.0 = Release|Any CPU
		{9121A06C-2E9B-4C2F-A9A1-DB0D1E276576}.Debug|Any CPU.ActiveCfg = Debug|Any CPU
		{9121A06C-2E9B-4C2F-A9A1-DB0D1E276576}.Debug|Any CPU.Build.0 = Debug|Any CPU
		{9121A06C-2E9B-4C2F-A9A1-DB0D1E276576}.Release|Any CPU.ActiveCfg = Release|Any CPU
		{9121A06C-2E9B-4C2F-A9A1-DB0D1E276576}.Release|Any CPU.Build.0 = Release|Any CPU
	EndGlobalSection
	GlobalSection(SolutionProperties) = preSolution
		HideSolutionNode = FALSE
	EndGlobalSection
	GlobalSection(ExtensibilityGlobals) = postSolution
		SolutionGuid = {73EEFC2D-33B5-4822-A5EC-9C99D5917C3A}
	EndGlobalSection
EndGlobal
